
Microsoft Visual Studio Solution File, Format Version 12.00
# Visual Studio Version 16
VisualStudioVersion = 16.0.30225.117
MinimumVisualStudioVersion = 10.0.40219.1
Project("{F184B08F-C81C-45F6-A57F-5ABD9991F28F}") = "ShootingBasic", "ShootingBasic\ShootingBasic.vbproj", "{769D70B5-A472-4AAD-88BA-78B9446B9D17}"
EndProject
Global
	GlobalSection(SolutionConfigurationPlatforms) = preSolution
		Debug|Any CPU = Debug|Any CPU
		Release|Any CPU = Release|Any CPU
	EndGlobalSection
	GlobalSection(ProjectConfigurationPlatforms) = postSolution
		{769D70B5-A472-4AAD-88BA-78B9446B9D17}.Debug|Any CPU.ActiveCfg = Debug|Any CPU
		{769D70B5-A472-4AAD-88BA-78B9446B9D17}.Debug|Any CPU.Build.0 = Debug|Any CPU
		{769D70B5-A472-4AAD-88BA-78B9446B9D17}.Release|Any CPU.ActiveCfg = Release|Any CPU
		{769D70B5-A472-4AAD-88BA-78B9446B9D17}.Release|Any CPU.Build.0 = Release|Any CPU
	EndGlobalSection
	GlobalSection(SolutionProperties) = preSolution
		HideSolutionNode = FALSE
	EndGlobalSection
	GlobalSection(ExtensibilityGlobals) = postSolution
		SolutionGuid = {A13AC055-3436-4150-A726-7C8E42E2C012}
	EndGlobalSection
EndGlobal
